
Microsoft Visual Studio Solution File, Format Version 12.00
# Visual Studio 15
VisualStudioVersion = 15.0.27130.2010
MinimumVisualStudioVersion = 10.0.40219.1
Project("{FAE04EC0-301F-11D3-BF4B-00C04F79EFBC}") = "Sample1.Android", "Sample1\Sample1.Android\Sample1.Android.csproj", "{22CC49AF-0E25-4935-87C3-1BCD2988E19C}"
EndProject
Project("{FAE04EC0-301F-11D3-BF4B-00C04F79EFBC}") = "Sample1.iOS", "Sample1\Sample1.iOS\Sample1.iOS.csproj", "{57437C7B-AB3B-42B3-AF51-59301B0FEE99}"
EndProject
Project("{FAE04EC0-301F-11D3-BF4B-00C04F79EFBC}") = "Sample1.UWP", "Sample1\Sample1.UWP\Sample1.UWP.csproj", "{43C0F52E-8148-49E3-A555-2253BD53408E}"
EndProject
Project("{D954291E-2A0B-460D-934E-DC6B0785DB48}") = "Sample1", "Sample1\Sample1\Sample1.shproj", "{0EE198C3-7189-4E6E-922D-3581CF8E67FB}"
EndProject
Global
	GlobalSection(SharedMSBuildProjectFiles) = preSolution
		Sample1\Sample1\Sample1.projitems*{0ee198c3-7189-4e6e-922d-3581cf8e67fb}*SharedItemsImports = 13
		Sample1\Sample1\Sample1.projitems*{22cc49af-0e25-4935-87c3-1bcd2988e19c}*SharedItemsImports = 4
		Sample1\Sample1\Sample1.projitems*{43c0f52e-8148-49e3-a555-2253bd53408e}*SharedItemsImports = 4
		Sample1\Sample1\Sample1.projitems*{57437c7b-ab3b-42b3-af51-59301b0fee99}*SharedItemsImports = 4
	EndGlobalSection
	GlobalSection(SolutionConfigurationPlatforms) = preSolution
		Ad-Hoc|Any CPU = Ad-Hoc|Any CPU
		Ad-Hoc|ARM = Ad-Hoc|ARM
		Ad-Hoc|iPhone = Ad-Hoc|iPhone
		Ad-Hoc|iPhoneSimulator = Ad-Hoc|iPhoneSimulator
		Ad-Hoc|x64 = Ad-Hoc|x64
		Ad-Hoc|x86 = Ad-Hoc|x86
		AppStore|Any CPU = AppStore|Any CPU
		AppStore|ARM = AppStore|ARM
		AppStore|iPhone = AppStore|iPhone
		AppStore|iPhoneSimulator = AppStore|iPhoneSimulator
		AppStore|x64 = AppStore|x64
		AppStore|x86 = AppStore|x86
		Debug|Any CPU = Debug|Any CPU
		Debug|ARM = Debug|ARM
		Debug|iPhone = Debug|iPhone
		Debug|iPhoneSimulator = Debug|iPhoneSimulator
		Debug|x64 = Debug|x64
		Debug|x86 = Debug|x86
		Release|Any CPU = Release|Any CPU
		Release|ARM = Release|ARM
		Release|iPhone = Release|iPhone
		Release|iPhoneSimulator = Release|iPhoneSimulator
		Release|x64 = Release|x64
		Release|x86 = Release|x86
	EndGlobalSection
	GlobalSection(ProjectConfigurationPlatforms) = postSolution
		{22CC49AF-0E25-4935-87C3-1BCD2988E19C}.Ad-Hoc|Any CPU.ActiveCfg = Release|Any CPU
		{22CC49AF-0E25-4935-87C3-1BCD2988E19C}.Ad-Hoc|Any CPU.Build.0 = Release|Any CPU
		{22CC49AF-0E25-4935-87C3-1BCD2988E19C}.Ad-Hoc|Any CPU.Deploy.0 = Release|Any CPU
		{22CC49AF-0E25-4935-87C3-1BCD2988E19C}.Ad-Hoc|ARM.ActiveCfg = Release|Any CPU
		{22CC49AF-0E25-4935-87C3-1BCD2988E19C}.Ad-Hoc|ARM.Build.0 = Release|Any CPU
		{22CC49AF-0E25-4935-87C3-1BCD2988E19C}.Ad-Hoc|ARM.Deploy.0 = Release|Any CPU
		{22CC49AF-0E25-4935-87C3-1BCD2988E19C}.Ad-Hoc|iPhone.ActiveCfg = Release|Any CPU
		{22CC49AF-0E25-4935-87C3-1BCD2988E19C}.Ad-Hoc|iPhone.Build.0 = Release|Any CPU
		{22CC49AF-0E25-4935-87C3-1BCD2988E19C}.Ad-Hoc|iPhone.Deploy.0 = Release|Any CPU
		{22CC49AF-0E25-4935-87C3-1BCD2988E19C}.Ad-Hoc|iPhoneSimulator.ActiveCfg = Release|Any CPU
		{22CC49AF-0E25-4935-87C3-1BCD2988E19C}.Ad-Hoc|iPhoneSimulator.Build.0 = Release|Any CPU
		{22CC49AF-0E25-4935-87C3-1BCD2988E19C}.Ad-Hoc|iPhoneSimulator.Deploy.0 = Release|Any CPU
		{22CC49AF-0E25-4935-87C3-1BCD2988E19C}.Ad-Hoc|x64.ActiveCfg = Release|Any CPU
		{22CC49AF-0E25-4935-87C3-1BCD2988E19C}.Ad-Hoc|x64.Build.0 = Release|Any CPU
		{22CC49AF-0E25-4935-87C3-1BCD2988E19C}.Ad-Hoc|x64.Deploy.0 = Release|Any CPU
		{22CC49AF-0E25-4935-87C3-1BCD2988E19C}.Ad-Hoc|x86.ActiveCfg = Release|Any CPU
		{22CC49AF-0E25-4935-87C3-1BCD2988E19C}.Ad-Hoc|x86.Build.0 = Release|Any CPU
		{22CC49AF-0E25-4935-87C3-1BCD2988E19C}.Ad-Hoc|x86.Deploy.0 = Release|Any CPU
		{22CC49AF-0E25-4935-87C3-1BCD2988E19C}.AppStore|Any CPU.ActiveCfg = Release|Any CPU
		{22CC49AF-0E25-4935-87C3-1BCD2988E19C}.AppStore|Any CPU.Build.0 = Release|Any CPU
		{22CC49AF-0E25-4935-87C3-1BCD2988E19C}.AppStore|Any CPU.Deploy.0 = Release|Any CPU
		{22CC49AF-0E25-4935-87C3-1BCD2988E19C}.AppStore|ARM.ActiveCfg = Release|Any CPU
		{22CC49AF-0E25-4935-87C3-1BCD2988E19C}.AppStore|ARM.Build.0 = Release|Any CPU
		{22CC49AF-0E25-4935-87C3-1BCD2988E19C}.AppStore|ARM.Deploy.0 = Release|Any CPU
		{22CC49AF-0E25-4935-87C3-1BCD2988E19C}.AppStore|iPhone.ActiveCfg = Release|Any CPU
		{22CC49AF-0E25-4935-87C3-1BCD2988E19C}.AppStore|iPhone.Build.0 = Release|Any CPU
		{22CC49AF-0E25-4935-87C3-1BCD2988E19C}.AppStore|iPhone.Deploy.0 = Release|Any CPU
		{22CC49AF-0E25-4935-87C3-1BCD2988E19C}.AppStore|iPhoneSimulator.ActiveCfg = Release|Any CPU
		{22CC49AF-0E25-4935-87C3-1BCD2988E19C}.AppStore|iPhoneSimulator.Build.0 = Release|Any CPU
		{22CC49AF-0E25-4935-87C3-1BCD2988E19C}.AppStore|iPhoneSimulator.Deploy.0 = Release|Any CPU
		{22CC49AF-0E25-4935-87C3-1BCD2988E19C}.AppStore|x64.ActiveCfg = Release|Any CPU
		{22CC49AF-0E25-4935-87C3-1BCD2988E19C}.AppStore|x64.Build.0 = Release|Any CPU
		{22CC49AF-0E25-4935-87C3-1BCD2988E19C}.AppStore|x64.Deploy.0 = Release|Any CPU
		{22CC49AF-0E25-4935-87C3-1BCD2988E19C}.AppStore|x86.ActiveCfg = Release|Any CPU
		{22CC49AF-0E25-4935-87C3-1BCD2988E19C}.AppStore|x86.Build.0 = Release|Any CPU
		{22CC49AF-0E25-4935-87C3-1BCD2988E19C}.AppStore|x86.Deploy.0 = Release|Any CPU
		{22CC49AF-0E25-4935-87C3-1BCD2988E19C}.Debug|Any CPU.ActiveCfg = Debug|Any CPU
		{22CC49AF-0E25-4935-87C3-1BCD2988E19C}.Debug|Any CPU.Build.0 = Debug|Any CPU
		{22CC49AF-0E25-4935-87C3-1BCD2988E19C}.Debug|Any CPU.Deploy.0 = Debug|Any CPU
		{22CC49AF-0E25-4935-87C3-1BCD2988E19C}.Debug|ARM.ActiveCfg = Debug|Any CPU
		{22CC49AF-0E25-4935-87C3-1BCD2988E19C}.Debug|ARM.Build.0 = Debug|Any CPU
		{22CC49AF-0E25-4935-87C3-1BCD2988E19C}.Debug|ARM.Deploy.0 = Debug|Any CPU
		{22CC49AF-0E25-4935-87C3-1BCD2988E19C}.Debug|iPhone.ActiveCfg = Debug|Any CPU
		{22CC49AF-0E25-4935-87C3-1BCD2988E19C}.Debug|iPhone.Build.0 = Debug|Any CPU
		{22CC49AF-0E25-4935-87C3-1BCD2988E19C}.Debug|iPhone.Deploy.0 = Debug|Any CPU
		{22CC49AF-0E25-4935-87C3-1BCD2988E19C}.Debug|iPhoneSimulator.ActiveCfg = Debug|Any CPU
		{22CC49AF-0E25-4935-87C3-1BCD2988E19C}.Debug|iPhoneSimulator.Build.0 = Debug|Any CPU
		{22CC49AF-0E25-4935-87C3-1BCD2988E19C}.Debug|iPhoneSimulator.Deploy.0 = Debug|Any CPU
		{22CC49AF-0E25-4935-87C3-1BCD2988E19C}.Debug|x64.ActiveCfg = Debug|Any CPU
		{22CC49AF-0E25-4935-87C3-1BCD2988E19C}.Debug|x64.Build.0 = Debug|Any CPU
		{22CC49AF-0E25-4935-87C3-1BCD2988E19C}.Debug|x64.Deploy.0 = Debug|Any CPU
		{22CC49AF-0E25-4935-87C3-1BCD2988E19C}.Debug|x86.ActiveCfg = Debug|Any CPU
		{22CC49AF-0E25-4935-87C3-1BCD2988E19C}.Debug|x86.Build.0 = Debug|Any CPU
		{22CC49AF-0E25-4935-87C3-1BCD2988E19C}.Debug|x86.Deploy.0 = Debug|Any CPU
		{22CC49AF-0E25-4935-87C3-1BCD2988E19C}.Release|Any CPU.ActiveCfg = Release|Any CPU
		{22CC49AF-0E25-4935-87C3-1BCD2988E19C}.Release|Any CPU.Build.0 = Release|Any CPU
		{22CC49AF-0E25-4935-87C3-1BCD2988E19C}.Release|Any CPU.Deploy.0 = Release|Any CPU
		{22CC49AF-0E25-4935-87C3-1BCD2988E19C}.Release|ARM.ActiveCfg = Release|Any CPU
		{22CC49AF-0E25-4935-87C3-1BCD2988E19C}.Release|ARM.Build.0 = Release|Any CPU
		{22CC49AF-0E25-4935-87C3-1BCD2988E19C}.Release|ARM.Deploy.0 = Release|Any CPU
		{22CC49AF-0E25-4935-87C3-1BCD2988E19C}.Release|iPhone.ActiveCfg = Release|Any CPU
		{22CC49AF-0E25-4935-87C3-1BCD2988E19C}.Release|iPhone.Build.0 = Release|Any CPU
		{22CC49AF-0E25-4935-87C3-1BCD2988E19C}.Release|iPhone.Deploy.0 = Release|Any CPU
		{22CC49AF-0E25-4935-87C3-1BCD2988E19C}.Release|iPhoneSimulator.ActiveCfg = Release|Any CPU
		{22CC49AF-0E25-4935-87C3-1BCD2988E19C}.Release|iPhoneSimulator.Build.0 = Release|Any CPU
		{22CC49AF-0E25-4935-87C3-1BCD2988E19C}.Release|iPhoneSimulator.Deploy.0 = Release|Any CPU
		{22CC49AF-0E25-4935-87C3-1BCD2988E19C}.Release|x64.ActiveCfg = Release|Any CPU
		{22CC49AF-0E25-4935-87C3-1BCD2988E19C}.Release|x64.Build.0 = Release|Any CPU
		{22CC49AF-0E25-4935-87C3-1BCD2988E19C}.Release|x64.Deploy.0 = Release|Any CPU
		{22CC49AF-0E25-4935-87C3-1BCD2988E19C}.Release|x86.ActiveCfg = Release|Any CPU
		{22CC49AF-0E25-4935-87C3-1BCD2988E19C}.Release|x86.Build.0 = Release|Any CPU
		{22CC49AF-0E25-4935-87C3-1BCD2988E19C}.Release|x86.Deploy.0 = Release|Any CPU
		{57437C7B-AB3B-42B3-AF51-59301B0FEE99}.Ad-Hoc|Any CPU.ActiveCfg = Ad-Hoc|iPhone
		{57437C7B-AB3B-42B3-AF51-59301B0FEE99}.Ad-Hoc|ARM.ActiveCfg = Ad-Hoc|iPhone
		{57437C7B-AB3B-42B3-AF51-59301B0FEE99}.Ad-Hoc|iPhone.ActiveCfg = Ad-Hoc|iPhone
		{57437C7B-AB3B-42B3-AF51-59301B0FEE99}.Ad-Hoc|iPhone.Build.0 = Ad-Hoc|iPhone
		{57437C7B-AB3B-42B3-AF51-59301B0FEE99}.Ad-Hoc|iPhoneSimulator.ActiveCfg = Ad-Hoc|iPhoneSimulator
		{57437C7B-AB3B-42B3-AF51-59301B0FEE99}.Ad-Hoc|iPhoneSimulator.Build.0 = Ad-Hoc|iPhoneSimulator
		{57437C7B-AB3B-42B3-AF51-59301B0FEE99}.Ad-Hoc|x64.ActiveCfg = Ad-Hoc|iPhone
		{57437C7B-AB3B-42B3-AF51-59301B0FEE99}.Ad-Hoc|x86.ActiveCfg = Ad-Hoc|iPhone
		{57437C7B-AB3B-42B3-AF51-59301B0FEE99}.AppStore|Any CPU.ActiveCfg = AppStore|iPhone
		{57437C7B-AB3B-42B3-AF51-59301B0FEE99}.AppStore|ARM.ActiveCfg = AppStore|iPhone
		{57437C7B-AB3B-42B3-AF51-59301B0FEE99}.AppStore|iPhone.ActiveCfg = AppStore|iPhone
		{57437C7B-AB3B-42B3-AF51-59301B0FEE99}.AppStore|iPhone.Build.0 = AppStore|iPhone
		{57437C7B-AB3B-42B3-AF51-59301B0FEE99}.AppStore|iPhoneSimulator.ActiveCfg = AppStore|iPhoneSimulator
		{57437C7B-AB3B-42B3-AF51-59301B0FEE99}.AppStore|iPhoneSimulator.Build.0 = AppStore|iPhoneSimulator
		{57437C7B-AB3B-42B3-AF51-59301B0FEE99}.AppStore|x64.ActiveCfg = AppStore|iPhone
		{57437C7B-AB3B-42B3-AF51-59301B0FEE99}.AppStore|x86.ActiveCfg = AppStore|iPhone
		{57437C7B-AB3B-42B3-AF51-59301B0FEE99}.Debug|Any CPU.ActiveCfg = Debug|iPhone
		{57437C7B-AB3B-42B3-AF51-59301B0FEE99}.Debug|ARM.ActiveCfg = Debug|iPhone
		{57437C7B-AB3B-42B3-AF51-59301B0FEE99}.Debug|iPhone.ActiveCfg = Debug|iPhone
		{57437C7B-AB3B-42B3-AF51-59301B0FEE99}.Debug|iPhone.Build.0 = Debug|iPhone
		{57437C7B-AB3B-42B3-AF51-59301B0FEE99}.Debug|iPhoneSimulator.ActiveCfg = Debug|iPhoneSimulator
		{57437C7B-AB3B-42B3-AF51-59301B0FEE99}.Debug|iPhoneSimulator.Build.0 = Debug|iPhoneSimulator
		{57437C7B-AB3B-42B3-AF51-59301B0FEE99}.Debug|x64.ActiveCfg = Debug|iPhone
		{57437C7B-AB3B-42B3-AF51-59301B0FEE99}.Debug|x86.ActiveCfg = Debug|iPhone
		{57437C7B-AB3B-42B3-AF51-59301B0FEE99}.Release|Any CPU.ActiveCfg = Release|iPhone
		{57437C7B-AB3B-42B3-AF51-59301B0FEE99}.Release|ARM.ActiveCfg = Release|iPhone
		{57437C7B-AB3B-42B3-AF51-59301B0FEE99}.Release|iPhone.ActiveCfg = Release|iPhone
		{57437C7B-AB3B-42B3-AF51-59301B0FEE99}.Release|iPhone.Build.0 = Release|iPhone
		{57437C7B-AB3B-42B3-AF51-59301B0FEE99}.Release|iPhoneSimulator.ActiveCfg = Release|iPhoneSimulator
		{57437C7B-AB3B-42B3-AF51-59301B0FEE99}.Release|iPhoneSimulator.Build.0 = Release|iPhoneSimulator
		{57437C7B-AB3B-42B3-AF51-59301B0FEE99}.Release|x64.ActiveCfg = Release|iPhone
		{57437C7B-AB3B-42B3-AF51-59301B0FEE99}.Release|x86.ActiveCfg = Release|iPhone
		{43C0F52E-8148-49E3-A555-2253BD53408E}.Ad-Hoc|Any CPU.ActiveCfg = Release|x86
		{43C0F52E-8148-49E3-A555-2253BD53408E}.Ad-Hoc|Any CPU.Build.0 = Release|x86
		{43C0F52E-8148-49E3-A555-2253BD53408E}.Ad-Hoc|Any CPU.Deploy.0 = Release|x86
		{43C0F52E-8148-49E3-A555-2253BD53408E}.Ad-Hoc|ARM.ActiveCfg = Release|ARM
		{43C0F52E-8148-49E3-A555-2253BD53408E}.Ad-Hoc|ARM.Build.0 = Release|ARM
		{43C0F52E-8148-49E3-A555-2253BD53408E}.Ad-Hoc|ARM.Deploy.0 = Release|ARM
		{43C0F52E-8148-49E3-A555-2253BD53408E}.Ad-Hoc|iPhone.ActiveCfg = Release|x86
		{43C0F52E-8148-49E3-A555-2253BD53408E}.Ad-Hoc|iPhone.Build.0 = Release|x86
		{43C0F52E-8148-49E3-A555-2253BD53408E}.Ad-Hoc|iPhone.Deploy.0 = Release|x86
		{43C0F52E-8148-49E3-A555-2253BD53408E}.Ad-Hoc|iPhoneSimulator.ActiveCfg = Release|x86
		{43C0F52E-8148-49E3-A555-2253BD53408E}.Ad-Hoc|iPhoneSimulator.Build.0 = Release|x86
		{43C0F52E-8148-49E3-A555-2253BD53408E}.Ad-Hoc|iPhoneSimulator.Deploy.0 = Release|x86
		{43C0F52E-8148-49E3-A555-2253BD53408E}.Ad-Hoc|x64.ActiveCfg = Release|x64
		{43C0F52E-8148-49E3-A555-2253BD53408E}.Ad-Hoc|x64.Build.0 = Release|x64
		{43C0F52E-8148-49E3-A555-2253BD53408E}.Ad-Hoc|x64.Deploy.0 = Release|x64
		{43C0F52E-8148-49E3-A555-2253BD53408E}.Ad-Hoc|x86.ActiveCfg = Release|x86
		{43C0F52E-8148-49E3-A555-2253BD53408E}.Ad-Hoc|x86.Build.0 = Release|x86
		{43C0F52E-8148-49E3-A555-2253BD53408E}.Ad-Hoc|x86.Deploy.0 = Release|x86
		{43C0F52E-8148-49E3-A555-2253BD53408E}.AppStore|Any CPU.ActiveCfg = Release|x86
		{43C0F52E-8148-49E3-A555-2253BD53408E}.AppStore|Any CPU.Build.0 = Release|x86
		{43C0F52E-8148-49E3-A555-2253BD53408E}.AppStore|Any CPU.Deploy.0 = Release|x86
		{43C0F52E-8148-49E3-A555-2253BD53408E}.AppStore|ARM.ActiveCfg = Release|ARM
		{43C0F52E-8148-49E3-A555-2253BD53408E}.AppStore|ARM.Build.0 = Release|ARM
		{43C0F52E-8148-49E3-A555-2253BD53408E}.AppStore|ARM.Deploy.0 = Release|ARM
		{43C0F52E-8148-49E3-A555-2253BD53408E}.AppStore|iPhone.ActiveCfg = Release|x86
		{43C0F52E-8148-49E3-A555-2253BD53408E}.AppStore|iPhone.Build.0 = Release|x86
		{43C0F52E-8148-49E3-A555-2253BD53408E}.AppStore|iPhone.Deploy.0 = Release|x86
		{43C0F52E-8148-49E3-A555-2253BD53408E}.AppStore|iPhoneSimulator.ActiveCfg = Release|x86
		{43C0F52E-8148-49E3-A555-2253BD53408E}.AppStore|iPhoneSimulator.Build.0 = Release|x86
		{43C0F52E-8148-49E3-A555-2253BD53408E}.AppStore|iPhoneSimulator.Deploy.0 = Release|x86
		{43C0F52E-8148-49E3-A555-2253BD53408E}.AppStore|x64.ActiveCfg = Release|x64
		{43C0F52E-8148-49E3-A555-2253BD53408E}.AppStore|x64.Build.0 = Release|x64
		{43C0F52E-8148-49E3-A555-2253BD53408E}.AppStore|x64.Deploy.0 = Release|x64
		{43C0F52E-8148-49E3-A555-2253BD53408E}.AppStore|x86.ActiveCfg = Release|x86
		{43C0F52E-8148-49E3-A555-2253BD53408E}.AppStore|x86.Build.0 = Release|x86
		{43C0F52E-8148-49E3-A555-2253BD53408E}.AppStore|x86.Deploy.0 = Release|x86
		{43C0F52E-8148-49E3-A555-2253BD53408E}.Debug|Any CPU.ActiveCfg = Debug|x86
		{43C0F52E-8148-49E3-A555-2253BD53408E}.Debug|ARM.ActiveCfg = Debug|ARM
		{43C0F52E-8148-49E3-A555-2253BD53408E}.Debug|ARM.Build.0 = Debug|ARM
		{43C0F52E-8148-49E3-A555-2253BD53408E}.Debug|ARM.Deploy.0 = Debug|ARM
		{43C0F52E-8148-49E3-A555-2253BD53408E}.Debug|iPhone.ActiveCfg = Debug|x86
		{43C0F52E-8148-49E3-A555-2253BD53408E}.Debug|iPhoneSimulator.ActiveCfg = Debug|x86
		{43C0F52E-8148-49E3-A555-2253BD53408E}.Debug|x64.ActiveCfg = Debug|x64
		{43C0F52E-8148-49E3-A555-2253BD53408E}.Debug|x64.Build.0 = Debug|x64
		{43C0F52E-8148-49E3-A555-2253BD53408E}.Debug|x64.Deploy.0 = Debug|x64
		{43C0F52E-8148-49E3-A555-2253BD53408E}.Debug|x86.ActiveCfg = Debug|x86
		{43C0F52E-8148-49E3-A555-2253BD53408E}.Debug|x86.Build.0 = Debug|x86
		{43C0F52E-8148-49E3-A555-2253BD53408E}.Debug|x86.Deploy.0 = Debug|x86
		{43C0F52E-8148-49E3-A555-2253BD53408E}.Release|Any CPU.ActiveCfg = Release|x86
		{43C0F52E-8148-49E3-A555-2253BD53408E}.Release|ARM.ActiveCfg = Release|ARM
		{43C0F52E-8148-49E3-A555-2253BD53408E}.Release|ARM.Build.0 = Release|ARM
		{43C0F52E-8148-49E3-A555-2253BD53408E}.Release|ARM.Deploy.0 = Release|ARM
		{43C0F52E-8148-49E3-A555-2253BD53408E}.Release|iPhone.ActiveCfg = Release|x86
		{43C0F52E-8148-49E3-A555-2253BD53408E}.Release|iPhoneSimulator.ActiveCfg = Release|x86
		{43C0F52E-8148-49E3-A555-2253BD53408E}.Release|x64.ActiveCfg = Release|x64
		{43C0F52E-8148-49E3-A555-2253BD53408E}.Release|x64.Build.0 = Release|x64
		{43C0F52E-8148-49E3-A555-2253BD53408E}.Release|x64.Deploy.0 = Release|x64
		{43C0F52E-8148-49E3-A555-2253BD53408E}.Release|x86.ActiveCfg = Release|x86
		{43C0F52E-8148-49E3-A555-2253BD53408E}.Release|x86.Build.0 = Release|x86
		{43C0F52E-8148-49E3-A555-2253BD53408E}.Release|x86.Deploy.0 = Release|x86
	EndGlobalSection
	GlobalSection(SolutionProperties) = preSolution
		HideSolutionNode = FALSE
	EndGlobalSection
	GlobalSection(ExtensibilityGlobals) = postSolution
		SolutionGuid = {45F5BC25-32C1-4079-819F-EB61B3F8F6FF}
	EndGlobalSection
EndGlobal
